
Microsoft Visual Studio Solution File, Format Version 12.00
# Visual Studio Version 17
VisualStudioVersion = 17.13.35828.75 d17.13
MinimumVisualStudioVersion = 10.0.40219.1
Project("{FAE04EC0-301F-11D3-BF4B-00C04F79EFBC}") = "tek-a", "tek-a\tek-a.csproj", "{6D7278B7-D596-4982-A69C-B485164B118C}"
EndProject
Global
	GlobalSection(SolutionConfigurationPlatforms) = preSolution
		Debug|Any CPU = Debug|Any CPU
		Release|Any CPU = Release|Any CPU
	EndGlobalSection
	GlobalSection(ProjectConfigurationPlatforms) = postSolution
		{6D7278B7-D596-4982-A69C-B485164B118C}.Debug|Any CPU.ActiveCfg = Debug|Any CPU
		{6D7278B7-D596-4982-A69C-B485164B118C}.Debug|Any CPU.Build.0 = Debug|Any CPU
		{6D7278B7-D596-4982-A69C-B485164B118C}.Release|Any CPU.ActiveCfg = Release|Any CPU
		{6D7278B7-D596-4982-A69C-B485164B118C}.Release|Any CPU.Build.0 = Release|Any CPU
	EndGlobalSection
	GlobalSection(SolutionProperties) = preSolution
		HideSolutionNode = FALSE
	EndGlobalSection
	GlobalSection(ExtensibilityGlobals) = postSolution
		SolutionGuid = {E7201340-ADB5-4870-A87B-A839DBBB50ED}
	EndGlobalSection
EndGlobal
